
Microsoft Visual Studio Solution File, Format Version 12.00
# Visual Studio Version 17
VisualStudioVersion = 17.4.33213.308
MinimumVisualStudioVersion = 10.0.40219.1
Project("{FAE04EC0-301F-11D3-BF4B-00C04F79EFBC}") = "Random_game", "Random_game\Random_game.csproj", "{7C6B14BF-ED79-4378-B059-E457F6CAE48D}"
EndProject
Global
	GlobalSection(SolutionConfigurationPlatforms) = preSolution
		Debug|Any CPU = Debug|Any CPU
		Release|Any CPU = Release|Any CPU
	EndGlobalSection
	GlobalSection(ProjectConfigurationPlatforms) = postSolution
		{7C6B14BF-ED79-4378-B059-E457F6CAE48D}.Debug|Any CPU.ActiveCfg = Debug|Any CPU
		{7C6B14BF-ED79-4378-B059-E457F6CAE48D}.Debug|Any CPU.Build.0 = Debug|Any CPU
		{7C6B14BF-ED79-4378-B059-E457F6CAE48D}.Release|Any CPU.ActiveCfg = Release|Any CPU
		{7C6B14BF-ED79-4378-B059-E457F6CAE48D}.Release|Any CPU.Build.0 = Release|Any CPU
	EndGlobalSection
	GlobalSection(SolutionProperties) = preSolution
		HideSolutionNode = FALSE
	EndGlobalSection
	GlobalSection(ExtensibilityGlobals) = postSolution
		SolutionGuid = {EF949DB8-A5AF-42A2-910D-FB5EBB3BCFBA}
	EndGlobalSection
EndGlobal
